{
    "name": "@ds/components",
    "version": "1.0.0",
    "lockfileVersion": 2,
    "requires": true,
    "packages": {
        "": {
            "name": "@ds/components",
            "version": "1.0.0",
            "peerDependencies": {
                "@atomico/react": "*",
                "@atomico/vue": "*",
                "atomico": "*"
            },
            "peerDependenciesMeta": {
                "@atomico/react": {
                    "optional": true
                },
                "@atomico/vue": {
                    "optional": true
                }
            }
        },
        "node_modules/atomico": {
            "version": "1.79.2",
            "resolved": "https://registry.npmjs.org/atomico/-/atomico-1.79.2.tgz",
            "integrity": "sha512-mshhLRMeIltNYbnQnqgnrvJ/uDa8XDfTQcjw3ymOygQqwHIQ4Sp0LcNYMCbACkV3DtV+eDXb9szwU4qMUuGwYQ==",
            "peer": true
        }
    },
    "dependencies": {
        "atomico": {
            "version": "1.79.2",
            "resolved": "https://registry.npmjs.org/atomico/-/atomico-1.79.2.tgz",
            "integrity": "sha512-mshhLRMeIltNYbnQnqgnrvJ/uDa8XDfTQcjw3ymOygQqwHIQ4Sp0LcNYMCbACkV3DtV+eDXb9szwU4qMUuGwYQ==",
            "peer": true
        }
    }
}
